{
  "name": "codebreakers-dev-to-hacker",
  "lockfileVersion": 3,
  "requires": true,
  "packages": {
    "": {
      "devDependencies": {
        "prisma": "^6.3.0"
      }
    },
    "node_modules/@prisma/debug": {
      "version": "6.3.0",
      "resolved": "https://registry.npmjs.org/@prisma/debug/-/debug-6.3.0.tgz",
      "integrity": "sha512-m1lQv//0Rc5RG8TBpNUuLCxC35Ghi5XfpPmL83Gh04/GICHD2J5H2ndMlaljrUNaQDF9dOxIuFAYP1rE9wkXkg==",
      "dev": true
    },
    "node_modules/@prisma/engines": {
      "version": "6.3.0",
      "resolved": "https://registry.npmjs.org/@prisma/engines/-/engines-6.3.0.tgz",
      "integrity": "sha512-RXqYhlZb9sx/xkUfYIZuEPn7sT0WgTxNOuEYQ7AGw3IMpP9QGVEDVsluc/GcNkM8NTJszeqk8AplJzI9lm7Jxw==",
      "dev": true,
      "hasInstallScript": true,
      "dependencies": {
        "@prisma/debug": "6.3.0",
        "@prisma/engines-version": "6.3.0-17.acc0b9dd43eb689cbd20c9470515d719db10d0b0",
        "@prisma/fetch-engine": "6.3.0",
        "@prisma/get-platform": "6.3.0"
      }
    },
    "node_modules/@prisma/engines-version": {
      "version": "6.3.0-17.acc0b9dd43eb689cbd20c9470515d719db10d0b0",
      "resolved": "https://registry.npmjs.org/@prisma/engines-version/-/engines-version-6.3.0-17.acc0b9dd43eb689cbd20c9470515d719db10d0b0.tgz",
      "integrity": "sha512-R/ZcMuaWZT2UBmgX3Ko6PAV3f8//ZzsjRIG1eKqp3f2rqEqVtCv+mtzuH2rBPUC9ujJ5kCb9wwpxeyCkLcHVyA==",
      "dev": true
    },
    "node_modules/@prisma/fetch-engine": {
      "version": "6.3.0",
      "resolved": "https://registry.npmjs.org/@prisma/fetch-engine/-/fetch-engine-6.3.0.tgz",
      "integrity": "sha512-GBy0iT4f1mH31ePzfcpVSUa7JLRTeq4914FG2vR3LqDwRweSm4ja1o5flGDz+eVIa/BNYfkBvRRxv4D6ve6Eew==",
      "dev": true,
      "dependencies": {
        "@prisma/debug": "6.3.0",
        "@prisma/engines-version": "6.3.0-17.acc0b9dd43eb689cbd20c9470515d719db10d0b0",
        "@prisma/get-platform": "6.3.0"
      }
    },
    "node_modules/@prisma/get-platform": {
      "version": "6.3.0",
      "resolved": "https://registry.npmjs.org/@prisma/get-platform/-/get-platform-6.3.0.tgz",
      "integrity": "sha512-V8zZ1d0xfyi6FjpNP4AcYuwSpGcdmu35OXWnTPm8IW594PYALzKXHwIa9+o0f+Lo9AecFWrwrwaoYe56UNfTtQ==",
      "dev": true,
      "dependencies": {
        "@prisma/debug": "6.3.0"
      }
    },
    "node_modules/fsevents": {
      "version": "2.3.3",
      "resolved": "https://registry.npmjs.org/fsevents/-/fsevents-2.3.3.tgz",
      "integrity": "sha512-5xoDfX+fL7faATnagmWPpbFtwh/R77WmMMqqHGS65C3vvB0YHrgF+B1YmZ3441tMj5n63k0212XNoJwzlhffQw==",
      "dev": true,
      "hasInstallScript": true,
      "optional": true,
      "os": [
        "darwin"
      ],
      "engines": {
        "node": "^8.16.0 || ^10.6.0 || >=11.0.0"
      }
    },
    "node_modules/prisma": {
      "version": "6.3.0",
      "resolved": "https://registry.npmjs.org/prisma/-/prisma-6.3.0.tgz",
      "integrity": "sha512-y+Zh3Qg+xGCWyyrNUUNaFW/OltaV/yXYuTa0WRgYkz5LGyifmAsgpv94I47+qGRocZrMGcbF2A/78/oO2zgifA==",
      "dev": true,
      "hasInstallScript": true,
      "dependencies": {
        "@prisma/engines": "6.3.0"
      },
      "bin": {
        "prisma": "build/index.js"
      },
      "engines": {
        "node": ">=18.18"
      },
      "optionalDependencies": {
        "fsevents": "2.3.3"
      },
      "peerDependencies": {
        "typescript": ">=5.1.0"
      },
      "peerDependenciesMeta": {
        "typescript": {
          "optional": true
        }
      }
    }
  }
}
